// !$*UTF8*$!
{
	archiveVersion = 1;
	classes = {
	};
	objectVersion = 46;
	objects = {

/* Begin PBXBuildFile section */
		0EAD79EC1E9756A30069AEB0 /* DetailViewController.m in Sources */ = {isa = PBXBuildFile; fileRef = 0EAD79EB1E9756A30069AEB0 /* DetailViewController.m */; };
		0EAD79EF1E9756D60069AEB0 /* DDisplayCollectionViewCell.m in Sources */ = {isa = PBXBuildFile; fileRef = 0EAD79EE1E9756D60069AEB0 /* DDisplayCollectionViewCell.m */; };
		0EAD79F21E9773290069AEB0 /* DBManager.m in Sources */ = {isa = PBXBuildFile; fileRef = 0EAD79F11E9773290069AEB0 /* DBManager.m */; };
		0EAD7A091E9778CA0069AEB0 /* FMDatabase.m in Sources */ = {isa = PBXBuildFile; fileRef = 0EAD7A041E9778CA0069AEB0 /* FMDatabase.m */; settings = {COMPILER_FLAGS = "-fno-objc-arc"; }; };
		0EAD7A0A1E9778CA0069AEB0 /* FMDatabaseAdditions.m in Sources */ = {isa = PBXBuildFile; fileRef = 0EAD7A061E9778CA0069AEB0 /* FMDatabaseAdditions.m */; settings = {COMPILER_FLAGS = "-fno-objc-arc"; }; };
		0EAD7A0B1E9778CA0069AEB0 /* FMResultSet.m in Sources */ = {isa = PBXBuildFile; fileRef = 0EAD7A081E9778CA0069AEB0 /* FMResultSet.m */; settings = {COMPILER_FLAGS = "-fno-objc-arc"; }; };
		0EAD7A0E1E97795F0069AEB0 /* libsqlite3.0.tbd in Frameworks */ = {isa = PBXBuildFile; fileRef = 0EAD7A0D1E97795F0069AEB0 /* libsqlite3.0.tbd */; };
		0EC06F211E96BC3D00C05E9A /* main.m in Sources */ = {isa = PBXBuildFile; fileRef = 0EC06F201E96BC3D00C05E9A /* main.m */; };
		0EC06F241E96BC3D00C05E9A /* AppDelegate.m in Sources */ = {isa = PBXBuildFile; fileRef = 0EC06F231E96BC3D00C05E9A /* AppDelegate.m */; };
		0EC06F271E96BC3D00C05E9A /* ViewController.m in Sources */ = {isa = PBXBuildFile; fileRef = 0EC06F261E96BC3D00C05E9A /* ViewController.m */; };
		0EC06F2A1E96BC3D00C05E9A /* Main.storyboard in Resources */ = {isa = PBXBuildFile; fileRef = 0EC06F281E96BC3D00C05E9A /* Main.storyboard */; };
		0EC06F2C1E96BC3E00C05E9A /* Assets.xcassets in Resources */ = {isa = PBXBuildFile; fileRef = 0EC06F2B1E96BC3E00C05E9A /* Assets.xcassets */; };
		0EC06F2F1E96BC3E00C05E9A /* LaunchScreen.storyboard in Resources */ = {isa = PBXBuildFile; fileRef = 0EC06F2D1E96BC3E00C05E9A /* LaunchScreen.storyboard */; };
		0EC06F3B1E96C1FB00C05E9A /* DisplayTableViewCell.m in Sources */ = {isa = PBXBuildFile; fileRef = 0EC06F3A1E96C1FB00C05E9A /* DisplayTableViewCell.m */; };
/* End PBXBuildFile section */

/* Begin PBXFileReference section */
		0EAD79EA1E9756A30069AEB0 /* DetailViewController.h */ = {isa = PBXFileReference; fileEncoding = 4; lastKnownFileType = sourcecode.c.h; path = DetailViewController.h; sourceTree = "<group>"; };
		0EAD79EB1E9756A30069AEB0 /* DetailViewController.m */ = {isa = PBXFileReference; fileEncoding = 4; lastKnownFileType = sourcecode.c.objc; path = DetailViewController.m; sourceTree = "<group>"; };
		0EAD79ED1E9756D60069AEB0 /* DDisplayCollectionViewCell.h */ = {isa = PBXFileReference; fileEncoding = 4; lastKnownFileType = sourcecode.c.h; path = DDisplayCollectionViewCell.h; sourceTree = "<group>"; };
		0EAD79EE1E9756D60069AEB0 /* DDisplayCollectionViewCell.m */ = {isa = PBXFileReference; fileEncoding = 4; lastKnownFileType = sourcecode.c.objc; path = DDisplayCollectionViewCell.m; sourceTree = "<group>"; };
		0EAD79F01E9773290069AEB0 /* DBManager.h */ = {isa = PBXFileReference; fileEncoding = 4; lastKnownFileType = sourcecode.c.h; path = DBManager.h; sourceTree = "<group>"; };
		0EAD79F11E9773290069AEB0 /* DBManager.m */ = {isa = PBXFileReference; fileEncoding = 4; lastKnownFileType = sourcecode.c.objc; path = DBManager.m; sourceTree = "<group>"; };
		0EAD7A031E9778CA0069AEB0 /* FMDatabase.h */ = {isa = PBXFileReference; fileEncoding = 4; lastKnownFileType = sourcecode.c.h; path = FMDatabase.h; sourceTree = "<group>"; };
		0EAD7A041E9778CA0069AEB0 /* FMDatabase.m */ = {isa = PBXFileReference; fileEncoding = 4; lastKnownFileType = sourcecode.c.objc; path = FMDatabase.m; sourceTree = "<group>"; };
		0EAD7A051E9778CA0069AEB0 /* FMDatabaseAdditions.h */ = {isa = PBXFileReference; fileEncoding = 4; lastKnownFileType = sourcecode.c.h; path = FMDatabaseAdditions.h; sourceTree = "<group>"; };
		0EAD7A061E9778CA0069AEB0 /* FMDatabaseAdditions.m */ = {isa = PBXFileReference; fileEncoding = 4; lastKnownFileType = sourcecode.c.objc; path = FMDatabaseAdditions.m; sourceTree = "<group>"; };
		0EAD7A071E9778CA0069AEB0 /* FMResultSet.h */ = {isa = PBXFileReference; fileEncoding = 4; lastKnownFileType = sourcecode.c.h; path = FMResultSet.h; sourceTree = "<group>"; };
		0EAD7A081E9778CA0069AEB0 /* FMResultSet.m */ = {isa = PBXFileReference; fileEncoding = 4; lastKnownFileType = sourcecode.c.objc; path = FMResultSet.m; sourceTree = "<group>"; };
		0EAD7A0D1E97795F0069AEB0 /* libsqlite3.0.tbd */ = {isa = PBXFileReference; lastKnownFileType = "sourcecode.text-based-dylib-definition"; name = libsqlite3.0.tbd; path = usr/lib/libsqlite3.0.tbd; sourceTree = SDKROOT; };
		0EC06F1C1E96BC3D00C05E9A /* WebServicesP1.app */ = {isa = PBXFileReference; explicitFileType = wrapper.application; includeInIndex = 0; path = WebServicesP1.app; sourceTree = BUILT_PRODUCTS_DIR; };
		0EC06F201E96BC3D00C05E9A /* main.m */ = {isa = PBXFileReference; lastKnownFileType = sourcecode.c.objc; path = main.m; sourceTree = "<group>"; };
		0EC06F221E96BC3D00C05E9A /* AppDelegate.h */ = {isa = PBXFileReference; lastKnownFileType = sourcecode.c.h; path = AppDelegate.h; sourceTree = "<group>"; };
		0EC06F231E96BC3D00C05E9A /* AppDelegate.m */ = {isa = PBXFileReference; lastKnownFileType = sourcecode.c.objc; path = AppDelegate.m; sourceTree = "<group>"; };
		0EC06F251E96BC3D00C05E9A /* ViewController.h */ = {isa = PBXFileReference; lastKnownFileType = sourcecode.c.h; path = ViewController.h; sourceTree = "<group>"; };
		0EC06F261E96BC3D00C05E9A /* ViewController.m */ = {isa = PBXFileReference; lastKnownFileType = sourcecode.c.objc; path = ViewController.m; sourceTree = "<group>"; };
		0EC06F291E96BC3D00C05E9A /* Base */ = {isa = PBXFileReference; lastKnownFileType = file.storyboard; name = Base; path = Base.lproj/Main.storyboard; sourceTree = "<group>"; };
		0EC06F2B1E96BC3E00C05E9A /* Assets.xcassets */ = {isa = PBXFileReference; lastKnownFileType = folder.assetcatalog; path = Assets.xcassets; sourceTree = "<group>"; };
		0EC06F2E1E96BC3E00C05E9A /* Base */ = {isa = PBXFileReference; lastKnownFileType = file.storyboard; name = Base; path = Base.lproj/LaunchScreen.storyboard; sourceTree = "<group>"; };
		0EC06F301E96BC3E00C05E9A /* Info.plist */ = {isa = PBXFileReference; lastKnownFileType = text.plist.xml; path = Info.plist; sourceTree = "<group>"; };
		0EC06F391E96C1FB00C05E9A /* DisplayTableViewCell.h */ = {isa = PBXFileReference; fileEncoding = 4; lastKnownFileType = sourcecode.c.h; path = DisplayTableViewCell.h; sourceTree = "<group>"; };
		0EC06F3A1E96C1FB00C05E9A /* DisplayTableViewCell.m */ = {isa = PBXFileReference; fileEncoding = 4; lastKnownFileType = sourcecode.c.objc; path = DisplayTableViewCell.m; sourceTree = "<group>"; };
/* End PBXFileReference section */

/* Begin PBXFrameworksBuildPhase section */
		0EC06F191E96BC3D00C05E9A /* Frameworks */ = {
			isa = PBXFrameworksBuildPhase;
			buildActionMask = 2147483647;
			files = (
				0EAD7A0E1E97795F0069AEB0 /* libsqlite3.0.tbd in Frameworks */,
			);
			runOnlyForDeploymentPostprocessing = 0;
		};
/* End PBXFrameworksBuildPhase section */

/* Begin PBXGroup section */
		0EAD7A011E9774C70069AEB0 /* FMDB */ = {
			isa = PBXGroup;
			children = (
				0EAD7A031E9778CA0069AEB0 /* FMDatabase.h */,
				0EAD7A041E9778CA0069AEB0 /* FMDatabase.m */,
				0EAD7A051E9778CA0069AEB0 /* FMDatabaseAdditions.h */,
				0EAD7A061E9778CA0069AEB0 /* FMDatabaseAdditions.m */,
				0EAD7A071E9778CA0069AEB0 /* FMResultSet.h */,
				0EAD7A081E9778CA0069AEB0 /* FMResultSet.m */,
			);
			name = FMDB;
			sourceTree = "<group>";
		};
		0EAD7A0C1E97795F0069AEB0 /* Frameworks */ = {
			isa = PBXGroup;
			children = (
				0EAD7A0D1E97795F0069AEB0 /* libsqlite3.0.tbd */,
			);
			name = Frameworks;
			sourceTree = "<group>";
		};
		0EAD7A0F1E97799B0069AEB0 /* DBManager */ = {
			isa = PBXGroup;
			children = (
				0EAD79F01E9773290069AEB0 /* DBManager.h */,
				0EAD79F11E9773290069AEB0 /* DBManager.m */,
			);
			name = DBManager;
			sourceTree = "<group>";
		};
		0EC06F131E96BC3D00C05E9A = {
			isa = PBXGroup;
			children = (
				0EC06F1E1E96BC3D00C05E9A /* WebServicesP1 */,
				0EC06F1D1E96BC3D00C05E9A /* Products */,
				0EAD7A0C1E97795F0069AEB0 /* Frameworks */,
			);
			sourceTree = "<group>";
		};
		0EC06F1D1E96BC3D00C05E9A /* Products */ = {
			isa = PBXGroup;
			children = (
				0EC06F1C1E96BC3D00C05E9A /* WebServicesP1.app */,
			);
			name = Products;
			sourceTree = "<group>";
		};
		0EC06F1E1E96BC3D00C05E9A /* WebServicesP1 */ = {
			isa = PBXGroup;
			children = (
				0EAD7A0F1E97799B0069AEB0 /* DBManager */,
				0EAD7A011E9774C70069AEB0 /* FMDB */,
				0EC06F221E96BC3D00C05E9A /* AppDelegate.h */,
				0EC06F231E96BC3D00C05E9A /* AppDelegate.m */,
				0EC06F251E96BC3D00C05E9A /* ViewController.h */,
				0EC06F261E96BC3D00C05E9A /* ViewController.m */,
				0EC06F391E96C1FB00C05E9A /* DisplayTableViewCell.h */,
				0EC06F3A1E96C1FB00C05E9A /* DisplayTableViewCell.m */,
				0EAD79EA1E9756A30069AEB0 /* DetailViewController.h */,
				0EAD79EB1E9756A30069AEB0 /* DetailViewController.m */,
				0EAD79ED1E9756D60069AEB0 /* DDisplayCollectionViewCell.h */,
				0EAD79EE1E9756D60069AEB0 /* DDisplayCollectionViewCell.m */,
				0EC06F281E96BC3D00C05E9A /* Main.storyboard */,
				0EC06F2B1E96BC3E00C05E9A /* Assets.xcassets */,
				0EC06F2D1E96BC3E00C05E9A /* LaunchScreen.storyboard */,
				0EC06F301E96BC3E00C05E9A /* Info.plist */,
				0EC06F1F1E96BC3D00C05E9A /* Supporting Files */,
			);
			path = WebServicesP1;
			sourceTree = "<group>";
		};
		0EC06F1F1E96BC3D00C05E9A /* Supporting Files */ = {
			isa = PBXGroup;
			children = (
				0EC06F201E96BC3D00C05E9A /* main.m */,
			);
			name = "Supporting Files";
			sourceTree = "<group>";
		};
/* End PBXGroup section */

/* Begin PBXNativeTarget section */
		0EC06F1B1E96BC3D00C05E9A /* WebServicesP1 */ = {
			isa = PBXNativeTarget;
			buildConfigurationList = 0EC06F331E96BC3E00C05E9A /* Build configuration list for PBXNativeTarget "WebServicesP1" */;
			buildPhases = (
				0EC06F181E96BC3D00C05E9A /* Sources */,
				0EC06F191E96BC3D00C05E9A /* Frameworks */,
				0EC06F1A1E96BC3D00C05E9A /* Resources */,
			);
			buildRules = (
			);
			dependencies = (
			);
			name = WebServicesP1;
			productName = WebServicesP1;
			productReference = 0EC06F1C1E96BC3D00C05E9A /* WebServicesP1.app */;
			productType = "com.apple.product-type.application";
		};
/* End PBXNativeTarget section */

/* Begin PBXProject section */
		0EC06F141E96BC3D00C05E9A /* Project object */ = {
			isa = PBXProject;
			attributes = {
				LastUpgradeCheck = 0810;
				ORGANIZATIONNAME = "Naresh Kandala";
				TargetAttributes = {
					0EC06F1B1E96BC3D00C05E9A = {
						CreatedOnToolsVersion = 8.1;
						ProvisioningStyle = Automatic;
					};
				};
			};
			buildConfigurationList = 0EC06F171E96BC3D00C05E9A /* Build configuration list for PBXProject "WebServicesP1" */;
			compatibilityVersion = "Xcode 3.2";
			developmentRegion = English;
			hasScannedForEncodings = 0;
			knownRegions = (
				en,
				Base,
			);
			mainGroup = 0EC06F131E96BC3D00C05E9A;
			productRefGroup = 0EC06F1D1E96BC3D00C05E9A /* Products */;
			projectDirPath = "";
			projectRoot = "";
			targets = (
				0EC06F1B1E96BC3D00C05E9A /* WebServicesP1 */,
			);
		};
/* End PBXProject section */

/* Begin PBXResourcesBuildPhase section */
		0EC06F1A1E96BC3D00C05E9A /* Resources */ = {
			isa = PBXResourcesBuildPhase;
			buildActionMask = 2147483647;
			files = (
				0EC06F2F1E96BC3E00C05E9A /* LaunchScreen.storyboard in Resources */,
				0EC06F2C1E96BC3E00C05E9A /* Assets.xcassets in Resources */,
				0EC06F2A1E96BC3D00C05E9A /* Main.storyboard in Resources */,
			);
			runOnlyForDeploymentPostprocessing = 0;
		};
/* End PBXResourcesBuildPhase section */

/* Begin PBXSourcesBuildPhase section */
		0EC06F181E96BC3D00C05E9A /* Sources */ = {
			isa = PBXSourcesBuildPhase;
			buildActionMask = 2147483647;
			files = (
				0EAD79F21E9773290069AEB0 /* DBManager.m in Sources */,
				0EAD79EC1E9756A30069AEB0 /* DetailViewController.m in Sources */,
				0EC06F271E96BC3D00C05E9A /* ViewController.m in Sources */,
				0EC06F241E96BC3D00C05E9A /* AppDelegate.m in Sources */,
				0EAD7A0B1E9778CA0069AEB0 /* FMResultSet.m in Sources */,
				0EC06F3B1E96C1FB00C05E9A /* DisplayTableViewCell.m in Sources */,
				0EAD7A0A1E9778CA0069AEB0 /* FMDatabaseAdditions.m in Sources */,
				0EAD79EF1E9756D60069AEB0 /* DDisplayCollectionViewCell.m in Sources */,
				0EC06F211E96BC3D00C05E9A /* main.m in Sources */,
				0EAD7A091E9778CA0069AEB0 /* FMDatabase.m in Sources */,
			);
			runOnlyForDeploymentPostprocessing = 0;
		};
/* End PBXSourcesBuildPhase section */

/* Begin PBXVariantGroup section */
		0EC06F281E96BC3D00C05E9A /* Main.storyboard */ = {
			isa = PBXVariantGroup;
			children = (
				0EC06F291E96BC3D00C05E9A /* Base */,
			);
			name = Main.storyboard;
			sourceTree = "<group>";
		};
		0EC06F2D1E96BC3E00C05E9A /* LaunchScreen.storyboard */ = {
			isa = PBXVariantGroup;
			children = (
				0EC06F2E1E96BC3E00C05E9A /* Base */,
			);
			name = LaunchScreen.storyboard;
			sourceTree = "<group>";
		};
/* End PBXVariantGroup section */

/* Begin XCBuildConfiguration section */
		0EC06F311E96BC3E00C05E9A /* Debug */ = {
			isa = XCBuildConfiguration;
			buildSettings = {
				ALWAYS_SEARCH_USER_PATHS = NO;
				CLANG_ANALYZER_NONNULL = YES;
				CLANG_CXX_LANGUAGE_STANDARD = "gnu++0x";
				CLANG_CXX_LIBRARY = "libc++";
				CLANG_ENABLE_MODULES = YES;
				CLANG_ENABLE_OBJC_ARC = YES;
				CLANG_WARN_BOOL_CONVERSION = YES;
				CLANG_WARN_CONSTANT_CONVERSION = YES;
				CLANG_WARN_DIRECT_OBJC_ISA_USAGE = YES_ERROR;
				CLANG_WARN_DOCUMENTATION_COMMENTS = YES;
				CLANG_WARN_EMPTY_BODY = YES;
				CLANG_WARN_ENUM_CONVERSION = YES;
				CLANG_WARN_INFINITE_RECURSION = YES;
				CLANG_WARN_INT_CONVERSION = YES;
				CLANG_WARN_OBJC_ROOT_CLASS = YES_ERROR;
				CLANG_WARN_SUSPICIOUS_MOVES = YES;
				CLANG_WARN_UNREACHABLE_CODE = YES;
				CLANG_WARN__DUPLICATE_METHOD_MATCH = YES;
				"CODE_SIGN_IDENTITY[sdk=iphoneos*]" = "iPhone Developer";
				COPY_PHASE_STRIP = NO;
				DEBUG_INFORMATION_FORMAT = dwarf;
				ENABLE_STRICT_OBJC_MSGSEND = YES;
				ENABLE_TESTABILITY = YES;
				GCC_C_LANGUAGE_STANDARD = gnu99;
				GCC_DYNAMIC_NO_PIC = NO;
				GCC_NO_COMMON_BLOCKS = YES;
				GCC_OPTIMIZATION_LEVEL = 0;
				GCC_PREPROCESSOR_DEFINITIONS = (
					"DEBUG=1",
					"$(inherited)",
				);
				GCC_WARN_64_TO_32_BIT_CONVERSION = YES;
				GCC_WARN_ABOUT_RETURN_TYPE = YES_ERROR;
				GCC_WARN_UNDECLARED_SELECTOR = YES;
				GCC_WARN_UNINITIALIZED_AUTOS = YES_AGGRESSIVE;
				GCC_WARN_UNUSED_FUNCTION = YES;
				GCC_WARN_UNUSED_VARIABLE = YES;
				IPHONEOS_DEPLOYMENT_TARGET = 10.1;
				MTL_ENABLE_DEBUG_INFO = YES;
				ONLY_ACTIVE_ARCH = YES;
				SDKROOT = iphoneos;
				TARGETED_DEVICE_FAMILY = "1,2";
			};
			name = Debug;
		};
		0EC06F321E96BC3E00C05E9A /* Release */ = {
			isa = XCBuildConfiguration;
			buildSettings = {
				ALWAYS_SEARCH_USER_PATHS = NO;
				CLANG_ANALYZER_NONNULL = YES;
				CLANG_CXX_LANGUAGE_STANDARD = "gnu++0x";
				CLANG_CXX_LIBRARY = "libc++";
				CLANG_ENABLE_MODULES = YES;
				CLANG_ENABLE_OBJC_ARC = YES;
				CLANG_WARN_BOOL_CONVERSION = YES;
				CLANG_WARN_CONSTANT_CONVERSION = YES;
				CLANG_WARN_DIRECT_OBJC_ISA_USAGE = YES_ERROR;
				CLANG_WARN_DOCUMENTATION_COMMENTS = YES;
				CLANG_WARN_EMPTY_BODY = YES;
				CLANG_WARN_ENUM_CONVERSION = YES;
				CLANG_WARN_INFINITE_RECURSION = YES;
				CLANG_WARN_INT_CONVERSION = YES;
				CLANG_WARN_OBJC_ROOT_CLASS = YES_ERROR;
				CLANG_WARN_SUSPICIOUS_MOVES = YES;
				CLANG_WARN_UNREACHABLE_CODE = YES;
				CLANG_WARN__DUPLICATE_METHOD_MATCH = YES;
				"CODE_SIGN_IDENTITY[sdk=iphoneos*]" = "iPhone Developer";
				COPY_PHASE_STRIP = NO;
				DEBUG_INFORMATION_FORMAT = "dwarf-with-dsym";
				ENABLE_NS_ASSERTIONS = NO;
				ENABLE_STRICT_OBJC_MSGSEND = YES;
				GCC_C_LANGUAGE_STANDARD = gnu99;
				GCC_NO_COMMON_BLOCKS = YES;
				GCC_WARN_64_TO_32_BIT_CONVERSION = YES;
				GCC_WARN_ABOUT_RETURN_TYPE = YES_ERROR;
				GCC_WARN_UNDECLARED_SELECTOR = YES;
				GCC_WARN_UNINITIALIZED_AUTOS = YES_AGGRESSIVE;
				GCC_WARN_UNUSED_FUNCTION = YES;
				GCC_WARN_UNUSED_VARIABLE = YES;
				IPHONEOS_DEPLOYMENT_TARGET = 10.1;
				MTL_ENABLE_DEBUG_INFO = NO;
				SDKROOT = iphoneos;
				TARGETED_DEVICE_FAMILY = "1,2";
				VALIDATE_PRODUCT = YES;
			};
			name = Release;
		};
		0EC06F341E96BC3E00C05E9A /* Debug */ = {
			isa = XCBuildConfiguration;
			buildSettings = {
				ASSETCATALOG_COMPILER_APPICON_NAME = AppIcon;
				INFOPLIST_FILE = WebServicesP1/Info.plist;
				LD_RUNPATH_SEARCH_PATHS = "$(inherited) @executable_path/Frameworks";
				PRODUCT_BUNDLE_IDENTIFIER = com.WebServicesP1;
				PRODUCT_NAME = "$(TARGET_NAME)";
			};
			name = Debug;
		};
		0EC06F351E96BC3E00C05E9A /* Release */ = {
			isa = XCBuildConfiguration;
			buildSettings = {
				ASSETCATALOG_COMPILER_APPICON_NAME = AppIcon;
				INFOPLIST_FILE = WebServicesP1/Info.plist;
				LD_RUNPATH_SEARCH_PATHS = "$(inherited) @executable_path/Frameworks";
				PRODUCT_BUNDLE_IDENTIFIER = com.WebServicesP1;
				PRODUCT_NAME = "$(TARGET_NAME)";
			};
			name = Release;
		};
/* End XCBuildConfiguration section */

/* Begin XCConfigurationList section */
		0EC06F171E96BC3D00C05E9A /* Build configuration list for PBXProject "WebServicesP1" */ = {
			isa = XCConfigurationList;
			buildConfigurations = (
				0EC06F311E96BC3E00C05E9A /* Debug */,
				0EC06F321E96BC3E00C05E9A /* Release */,
			);
			defaultConfigurationIsVisible = 0;
			defaultConfigurationName = Release;
		};
		0EC06F331E96BC3E00C05E9A /* Build configuration list for PBXNativeTarget "WebServicesP1" */ = {
			isa = XCConfigurationList;
			buildConfigurations = (
				0EC06F341E96BC3E00C05E9A /* Debug */,
				0EC06F351E96BC3E00C05E9A /* Release */,
			);
			defaultConfigurationIsVisible = 0;
			defaultConfigurationName = Release;
		};
/* End XCConfigurationList section */
	};
	rootObject = 0EC06F141E96BC3D00C05E9A /* Project object */;
}
